
Microsoft Visual Studio Solution File, Format Version 12.00
# Visual Studio Version 16
VisualStudioVersion = 16.0.31515.178
MinimumVisualStudioVersion = 10.0.40219.1
Project("{FAE04EC0-301F-11D3-BF4B-00C04F79EFBC}") = "ZBC_OOP_Battleship", "ZBC_OOP_Battleship\ZBC_OOP_Battleship.csproj", "{1D976CC4-0AAD-426D-A2EF-FC95BC8BF39B}"
EndProject
Global
	GlobalSection(SolutionConfigurationPlatforms) = preSolution
		Debug|Any CPU = Debug|Any CPU
		Release|Any CPU = Release|Any CPU
	EndGlobalSection
	GlobalSection(ProjectConfigurationPlatforms) = postSolution
		{1D976CC4-0AAD-426D-A2EF-FC95BC8BF39B}.Debug|Any CPU.ActiveCfg = Debug|Any CPU
		{1D976CC4-0AAD-426D-A2EF-FC95BC8BF39B}.Debug|Any CPU.Build.0 = Debug|Any CPU
		{1D976CC4-0AAD-426D-A2EF-FC95BC8BF39B}.Release|Any CPU.ActiveCfg = Release|Any CPU
		{1D976CC4-0AAD-426D-A2EF-FC95BC8BF39B}.Release|Any CPU.Build.0 = Release|Any CPU
	EndGlobalSection
	GlobalSection(SolutionProperties) = preSolution
		HideSolutionNode = FALSE
	EndGlobalSection
	GlobalSection(ExtensibilityGlobals) = postSolution
		SolutionGuid = {F978FD71-5AA1-4384-B931-B8F4E8E04734}
	EndGlobalSection
EndGlobal
